
Microsoft Visual Studio Solution File, Format Version 12.00
# Visual Studio Version 17
VisualStudioVersion = 17.5.2.0
MinimumVisualStudioVersion = 10.0.40219.1
Project("{FAE04EC0-301F-11D3-BF4B-00C04F79EFBC}") = "StargateAPI", "api\StargateAPI.csproj", "{A6F3EF00-2B4E-270C-D334-75B75A1544DF}"
EndProject
Project("{FAE04EC0-301F-11D3-BF4B-00C04F79EFBC}") = "StargateAPI.Tests", "StargateAPI.Tests\StargateAPI.Tests.csproj", "{4E84A0DC-1617-4A0F-B395-0677F248CE77}"
EndProject
Global
	GlobalSection(SolutionConfigurationPlatforms) = preSolution
		Debug|Any CPU = Debug|Any CPU
		Debug|x64 = Debug|x64
		Debug|x86 = Debug|x86
		Release|Any CPU = Release|Any CPU
		Release|x64 = Release|x64
		Release|x86 = Release|x86
	EndGlobalSection
	GlobalSection(ProjectConfigurationPlatforms) = postSolution
		{A6F3EF00-2B4E-270C-D334-75B75A1544DF}.Debug|Any CPU.ActiveCfg = Debug|Any CPU
		{A6F3EF00-2B4E-270C-D334-75B75A1544DF}.Debug|Any CPU.Build.0 = Debug|Any CPU
		{A6F3EF00-2B4E-270C-D334-75B75A1544DF}.Debug|x64.ActiveCfg = Debug|Any CPU
		{A6F3EF00-2B4E-270C-D334-75B75A1544DF}.Debug|x64.Build.0 = Debug|Any CPU
		{A6F3EF00-2B4E-270C-D334-75B75A1544DF}.Debug|x86.ActiveCfg = Debug|Any CPU
		{A6F3EF00-2B4E-270C-D334-75B75A1544DF}.Debug|x86.Build.0 = Debug|Any CPU
		{A6F3EF00-2B4E-270C-D334-75B75A1544DF}.Release|Any CPU.ActiveCfg = Release|Any CPU
		{A6F3EF00-2B4E-270C-D334-75B75A1544DF}.Release|Any CPU.Build.0 = Release|Any CPU
		{A6F3EF00-2B4E-270C-D334-75B75A1544DF}.Release|x64.ActiveCfg = Release|Any CPU
		{A6F3EF00-2B4E-270C-D334-75B75A1544DF}.Release|x64.Build.0 = Release|Any CPU
		{A6F3EF00-2B4E-270C-D334-75B75A1544DF}.Release|x86.ActiveCfg = Release|Any CPU
		{A6F3EF00-2B4E-270C-D334-75B75A1544DF}.Release|x86.Build.0 = Release|Any CPU
		{4E84A0DC-1617-4A0F-B395-0677F248CE77}.Debug|Any CPU.ActiveCfg = Debug|Any CPU
		{4E84A0DC-1617-4A0F-B395-0677F248CE77}.Debug|Any CPU.Build.0 = Debug|Any CPU
		{4E84A0DC-1617-4A0F-B395-0677F248CE77}.Debug|x64.ActiveCfg = Debug|Any CPU
		{4E84A0DC-1617-4A0F-B395-0677F248CE77}.Debug|x64.Build.0 = Debug|Any CPU
		{4E84A0DC-1617-4A0F-B395-0677F248CE77}.Debug|x86.ActiveCfg = Debug|Any CPU
		{4E84A0DC-1617-4A0F-B395-0677F248CE77}.Debug|x86.Build.0 = Debug|Any CPU
		{4E84A0DC-1617-4A0F-B395-0677F248CE77}.Release|Any CPU.ActiveCfg = Release|Any CPU
		{4E84A0DC-1617-4A0F-B395-0677F248CE77}.Release|Any CPU.Build.0 = Release|Any CPU
		{4E84A0DC-1617-4A0F-B395-0677F248CE77}.Release|x64.ActiveCfg = Release|Any CPU
		{4E84A0DC-1617-4A0F-B395-0677F248CE77}.Release|x64.Build.0 = Release|Any CPU
		{4E84A0DC-1617-4A0F-B395-0677F248CE77}.Release|x86.ActiveCfg = Release|Any CPU
		{4E84A0DC-1617-4A0F-B395-0677F248CE77}.Release|x86.Build.0 = Release|Any CPU
	EndGlobalSection
	GlobalSection(SolutionProperties) = preSolution
		HideSolutionNode = FALSE
	EndGlobalSection
	GlobalSection(ExtensibilityGlobals) = postSolution
		SolutionGuid = {053C6230-6C47-4E6A-A939-1B1ACF7F17AC}
	EndGlobalSection
EndGlobal
